
Microsoft Visual Studio Solution File, Format Version 12.00
# Visual Studio Version 17
VisualStudioVersion = 17.10.35013.160
MinimumVisualStudioVersion = 10.0.40219.1
Project("{FAE04EC0-301F-11D3-BF4B-00C04F79EFBC}") = "UI", "UI\UI.csproj", "{3EB2D9D1-2616-425F-AC04-09FC49AFC639}"
EndProject
Project("{FAE04EC0-301F-11D3-BF4B-00C04F79EFBC}") = "Service", "Service\Service.csproj", "{617F5BBD-6B42-4470-B9FE-3BDD6A7A26B0}"
EndProject
Project("{FAE04EC0-301F-11D3-BF4B-00C04F79EFBC}") = "Repository", "Repository\Repository.csproj", "{FCD03EF2-7B30-47CC-85BD-87F077B8BC46}"
EndProject
Global
	GlobalSection(SolutionConfigurationPlatforms) = preSolution
		Debug|Any CPU = Debug|Any CPU
		Release|Any CPU = Release|Any CPU
	EndGlobalSection
	GlobalSection(ProjectConfigurationPlatforms) = postSolution
		{3EB2D9D1-2616-425F-AC04-09FC49AFC639}.Debug|Any CPU.ActiveCfg = Debug|Any CPU
		{3EB2D9D1-2616-425F-AC04-09FC49AFC639}.Debug|Any CPU.Build.0 = Debug|Any CPU
		{3EB2D9D1-2616-425F-AC04-09FC49AFC639}.Release|Any CPU.ActiveCfg = Release|Any CPU
		{3EB2D9D1-2616-425F-AC04-09FC49AFC639}.Release|Any CPU.Build.0 = Release|Any CPU
		{617F5BBD-6B42-4470-B9FE-3BDD6A7A26B0}.Debug|Any CPU.ActiveCfg = Debug|Any CPU
		{617F5BBD-6B42-4470-B9FE-3BDD6A7A26B0}.Debug|Any CPU.Build.0 = Debug|Any CPU
		{617F5BBD-6B42-4470-B9FE-3BDD6A7A26B0}.Release|Any CPU.ActiveCfg = Release|Any CPU
		{617F5BBD-6B42-4470-B9FE-3BDD6A7A26B0}.Release|Any CPU.Build.0 = Release|Any CPU
		{FCD03EF2-7B30-47CC-85BD-87F077B8BC46}.Debug|Any CPU.ActiveCfg = Debug|Any CPU
		{FCD03EF2-7B30-47CC-85BD-87F077B8BC46}.Debug|Any CPU.Build.0 = Debug|Any CPU
		{FCD03EF2-7B30-47CC-85BD-87F077B8BC46}.Release|Any CPU.ActiveCfg = Release|Any CPU
		{FCD03EF2-7B30-47CC-85BD-87F077B8BC46}.Release|Any CPU.Build.0 = Release|Any CPU
	EndGlobalSection
	GlobalSection(SolutionProperties) = preSolution
		HideSolutionNode = FALSE
	EndGlobalSection
	GlobalSection(ExtensibilityGlobals) = postSolution
		SolutionGuid = {7C9B9461-5DCF-4F9D-805A-DEE7784E7A80}
	EndGlobalSection
EndGlobal
